
Microsoft Visual Studio Solution File, Format Version 12.00
# Visual Studio Version 17
VisualStudioVersion = 17.1.32210.238
MinimumVisualStudioVersion = 10.0.40219.1
Project("{FAE04EC0-301F-11D3-BF4B-00C04F79EFBC}") = "Calculator", "Calculator\Calculator.csproj", "{BF7D1448-CE0C-45E5-9693-39D0211CDAA4}"
EndProject
Global
	GlobalSection(SolutionConfigurationPlatforms) = preSolution
		Debug|Any CPU = Debug|Any CPU
		Release|Any CPU = Release|Any CPU
	EndGlobalSection
	GlobalSection(ProjectConfigurationPlatforms) = postSolution
		{BF7D1448-CE0C-45E5-9693-39D0211CDAA4}.Debug|Any CPU.ActiveCfg = Debug|Any CPU
		{BF7D1448-CE0C-45E5-9693-39D0211CDAA4}.Debug|Any CPU.Build.0 = Debug|Any CPU
		{BF7D1448-CE0C-45E5-9693-39D0211CDAA4}.Release|Any CPU.ActiveCfg = Release|Any CPU
		{BF7D1448-CE0C-45E5-9693-39D0211CDAA4}.Release|Any CPU.Build.0 = Release|Any CPU
	EndGlobalSection
	GlobalSection(SolutionProperties) = preSolution
		HideSolutionNode = FALSE
	EndGlobalSection
	GlobalSection(ExtensibilityGlobals) = postSolution
		SolutionGuid = {26B75E42-237E-473F-AA56-33CA4B44AD17}
	EndGlobalSection
EndGlobal
